# @generated - this file is auto-generated by `mise lock` https://mise.jdx.dev/dev-tools/mise-lock.html

lockfile_version = 1

[[tools."aqua:dominikh/go-tools/staticcheck"]]
version = "2026.2.1"
backend = "aqua:dominikh/go-tools/staticcheck"
specifiers = ["2026.2.1"]

[tools."aqua:dominikh/go-tools/staticcheck"."platforms.linux-arm64"]
checksum = "sha256:594421f28ba620ea14b98377cb84a309cf73cc420ba0f52f30c7fa4d92fd2b0e"
url = "https://github.com/dominikh/go-tools/releases/download/2026.2.1/staticcheck_linux_arm64.tar.gz"
url_api = "https://api.github.com/repos/dominikh/go-tools/releases/assets/524230775"

[tools."aqua:dominikh/go-tools/staticcheck"."platforms.linux-arm64-musl"]
checksum = "sha256:594421f28ba620ea14b98377cb84a309cf73cc420ba0f52f30c7fa4d92fd2b0e"
url = "https://github.com/dominikh/go-tools/releases/download/2026.2.1/staticcheck_linux_arm64.tar.gz"
url_api = "https://api.github.com/repos/dominikh/go-tools/releases/assets/524230775"

[tools."aqua:dominikh/go-tools/staticcheck"."platforms.linux-x64"]
checksum = "sha256:91186205a78db3f2d40efb3c102749aef66f85c2204793de7488d163b655aa7c"
url = "https://github.com/dominikh/go-tools/releases/download/2026.2.1/staticcheck_linux_amd64.tar.gz"
url_api = "https://api.github.com/repos/dominikh/go-tools/releases/assets/524230032"

[tools."aqua:dominikh/go-tools/staticcheck"."platforms.linux-x64-musl"]
checksum = "sha256:91186205a78db3f2d40efb3c102749aef66f85c2204793de7488d163b655aa7c"
url = "https://github.com/dominikh/go-tools/releases/download/2026.2.1/staticcheck_linux_amd64.tar.gz"
url_api = "https://api.github.com/repos/dominikh/go-tools/releases/assets/524230032"

[tools."aqua:dominikh/go-tools/staticcheck"."platforms.macos-arm64"]
checksum = "sha256:06db0a00e5d44d0d60bc99dab10e1bd49103531054d560af658775450a25f72c"
url = "https://github.com/dominikh/go-tools/releases/download/2026.2.1/staticcheck_darwin_arm64.tar.gz"
url_api = "https://api.github.com/repos/dominikh/go-tools/releases/assets/524227332"

[tools."aqua:dominikh/go-tools/staticcheck"."platforms.macos-x64"]
checksum = "sha256:a581a26261c9554a9a9450e0de2d0cfd93a7babd4de98cc9ea556444015216f4"
url = "https://github.com/dominikh/go-tools/releases/download/2026.2.1/staticcheck_darwin_amd64.tar.gz"
url_api = "https://api.github.com/repos/dominikh/go-tools/releases/assets/524226842"

[tools."aqua:dominikh/go-tools/staticcheck"."platforms.windows-x64"]
checksum = "sha256:c111b68123d4fb738d09184d8dae37211488431259150c658a4b80d7ef3c1c2c"
url = "https://github.com/dominikh/go-tools/releases/download/2026.2.1/staticcheck_windows_amd64.tar.gz"
url_api = "https://api.github.com/repos/dominikh/go-tools/releases/assets/524233774"

[[tools.go]]
version = "1.27.1"
backend = "core:go"
specifiers = ["1.27.1"]

[tools.go."platforms.linux-arm64"]
checksum = "sha256:3450b45a3f9ee8568792736a5c5e70a1f2e9b36c35a8f74958c03e51d7d92bec"
url = "https://dl.google.com/go/go1.27.1.linux-arm64.tar.gz"

[tools.go."platforms.linux-arm64-musl"]
checksum = "sha256:3450b45a3f9ee8568792736a5c5e70a1f2e9b36c35a8f74958c03e51d7d92bec"
url = "https://dl.google.com/go/go1.27.1.linux-arm64.tar.gz"

[tools.go."platforms.linux-x64"]
checksum = "sha256:63d339f0da5ab53635a56f2490a7984dfe12dfcff22ad749f63edaf590168445"
url = "https://dl.google.com/go/go1.27.1.linux-amd64.tar.gz"

[tools.go."platforms.linux-x64-musl"]
checksum = "sha256:63d339f0da5ab53635a56f2490a7984dfe12dfcff22ad749f63edaf590168445"
url = "https://dl.google.com/go/go1.27.1.linux-amd64.tar.gz"

[tools.go."platforms.macos-arm64"]
checksum = "sha256:ee215d57e0ec269c60cc9ceca68e6bda321ba9ee5afe24f4b0988703c2d87d12"
url = "https://dl.google.com/go/go1.27.1.darwin-arm64.tar.gz"

[tools.go."platforms.macos-x64"]
checksum = "sha256:8f8f52c6649542cf027bbc9b9c68d1ec042f9f34808a40413f0b8b3f66f3caa4"
url = "https://dl.google.com/go/go1.27.1.darwin-amd64.tar.gz"

[tools.go."platforms.windows-x64"]
checksum = "sha256:a3911b5e0e1b1053f25ed0675f4c1c6aad1e2bfcf253df2b9be4caabd2edd95d"
url = "https://dl.google.com/go/go1.27.1.windows-amd64.zip"
